
Microsoft Visual Studio Solution File, Format Version 12.00
# Visual Studio Version 17
VisualStudioVersion = 17.8.34330.188
MinimumVisualStudioVersion = 10.0.40219.1
Project("{9A19103F-16F7-4668-BE54-9A1E7A4F7556}") = "ChatSystem", "ChatSystem\ChatSystem.csproj", "{F51816C1-AA4F-4228-A85F-BBF0E180AB9C}"
EndProject
Project("{FAE04EC0-301F-11D3-BF4B-00C04F79EFBC}") = "ChatDesktop", "ChatDesktop\ChatDesktop.csproj", "{FB92F00D-29DD-4B52-B676-C51F0C33991C}"
EndProject
Global
	GlobalSection(SolutionConfigurationPlatforms) = preSolution
		Debug|Any CPU = Debug|Any CPU
		Release|Any CPU = Release|Any CPU
	EndGlobalSection
	GlobalSection(ProjectConfigurationPlatforms) = postSolution
		{F51816C1-AA4F-4228-A85F-BBF0E180AB9C}.Debug|Any CPU.ActiveCfg = Debug|Any CPU
		{F51816C1-AA4F-4228-A85F-BBF0E180AB9C}.Debug|Any CPU.Build.0 = Debug|Any CPU
		{F51816C1-AA4F-4228-A85F-BBF0E180AB9C}.Release|Any CPU.ActiveCfg = Release|Any CPU
		{F51816C1-AA4F-4228-A85F-BBF0E180AB9C}.Release|Any CPU.Build.0 = Release|Any CPU
		{FB92F00D-29DD-4B52-B676-C51F0C33991C}.Debug|Any CPU.ActiveCfg = Debug|Any CPU
		{FB92F00D-29DD-4B52-B676-C51F0C33991C}.Debug|Any CPU.Build.0 = Debug|Any CPU
		{FB92F00D-29DD-4B52-B676-C51F0C33991C}.Release|Any CPU.ActiveCfg = Release|Any CPU
		{FB92F00D-29DD-4B52-B676-C51F0C33991C}.Release|Any CPU.Build.0 = Release|Any CPU
	EndGlobalSection
	GlobalSection(SolutionProperties) = preSolution
		HideSolutionNode = FALSE
	EndGlobalSection
	GlobalSection(ExtensibilityGlobals) = postSolution
		SolutionGuid = {9EA57FC3-FB54-4ED4-B05E-43305A7E2366}
	EndGlobalSection
EndGlobal
